// !$*UTF8*$!
{
	archiveVersion = 1;
	classes = {
	};
	objectVersion = 77;
	objects = {

/* Begin PBXContainerItemProxy section */
		4D849AE42D33EED400BD42CE /* PBXContainerItemProxy */ = {
			isa = PBXContainerItemProxy;
			containerPortal = 4D849ACB2D33EED200BD42CE /* Project object */;
			proxyType = 1;
			remoteGlobalIDString = 4D849AD22D33EED200BD42CE;
			remoteInfo = OnlineHospital;
		};
		4D849AEE2D33EED400BD42CE /* PBXContainerItemProxy */ = {
			isa = PBXContainerItemProxy;
			containerPortal = 4D849ACB2D33EED200BD42CE /* Project object */;
			proxyType = 1;
			remoteGlobalIDString = 4D849AD22D33EED200BD42CE;
			remoteInfo = OnlineHospital;
		};
/* End PBXContainerItemProxy section */

/* Begin PBXFileReference section */
		4D849AD32D33EED200BD42CE /* OnlineHospital.app */ = {isa = PBXFileReference; explicitFileType = wrapper.application; includeInIndex = 0; path = OnlineHospital.app; sourceTree = BUILT_PRODUCTS_DIR; };
		4D849AE32D33EED400BD42CE /* OnlineHospitalTests.xctest */ = {isa = PBXFileReference; explicitFileType = wrapper.cfbundle; includeInIndex = 0; path = OnlineHospitalTests.xctest; sourceTree = BUILT_PRODUCTS_DIR; };
		4D849AED2D33EED400BD42CE /* OnlineHospitalUITests.xctest */ = {isa = PBXFileReference; explicitFileType = wrapper.cfbundle; includeInIndex = 0; path = OnlineHospitalUITests.xctest; sourceTree = BUILT_PRODUCTS_DIR; };
/* End PBXFileReference section */

/* Begin PBXFileSystemSynchronizedRootGroup section */
		4D849AD52D33EED200BD42CE /* OnlineHospital */ = {
			isa = PBXFileSystemSynchronizedRootGroup;
			path = OnlineHospital;
			sourceTree = "<group>";
		};
		4D849AE62D33EED400BD42CE /* OnlineHospitalTests */ = {
			isa = PBXFileSystemSynchronizedRootGroup;
			path = OnlineHospitalTests;
			sourceTree = "<group>";
		};
		4D849AF02D33EED400BD42CE /* OnlineHospitalUITests */ = {
			isa = PBXFileSystemSynchronizedRootGroup;
			path = OnlineHospitalUITests;
			sourceTree = "<group>";
		};
/* End PBXFileSystemSynchronizedRootGroup section */

/* Begin PBXFrameworksBuildPhase section */
		4D849AD02D33EED200BD42CE /* Frameworks */ = {
			isa = PBXFrameworksBuildPhase;
			buildActionMask = 2147483647;
			files = (
			);
			runOnlyForDeploymentPostprocessing = 0;
		};
		4D849AE02D33EED400BD42CE /* Frameworks */ = {
			isa = PBXFrameworksBuildPhase;
			buildActionMask = 2147483647;
			files = (
			);
			runOnlyForDeploymentPostprocessing = 0;
		};
		4D849AEA2D33EED400BD42CE /* Frameworks */ = {
			isa = PBXFrameworksBuildPhase;
			buildActionMask = 2147483647;
			files = (
			);
			runOnlyForDeploymentPostprocessing = 0;
		};
/* End PBXFrameworksBuildPhase section */

/* Begin PBXGroup section */
		4D849ACA2D33EED200BD42CE = {
			isa = PBXGroup;
			children = (
				4D849AD52D33EED200BD42CE /* OnlineHospital */,
				4D849AE62D33EED400BD42CE /* OnlineHospitalTests */,
				4D849AF02D33EED400BD42CE /* OnlineHospitalUITests */,
				4D849AD42D33EED200BD42CE /* Products */,
			);
			sourceTree = "<group>";
		};
		4D849AD42D33EED200BD42CE /* Products */ = {
			isa = PBXGroup;
			children = (
				4D849AD32D33EED200BD42CE /* OnlineHospital.app */,
				4D849AE32D33EED400BD42CE /* OnlineHospitalTests.xctest */,
				4D849AED2D33EED400BD42CE /* OnlineHospitalUITests.xctest */,
			);
			name = Products;
			sourceTree = "<group>";
		};
/* End PBXGroup section */

/* Begin PBXNativeTarget section */
		4D849AD22D33EED200BD42CE /* OnlineHospital */ = {
			isa = PBXNativeTarget;
			buildConfigurationList = 4D849AF72D33EED400BD42CE /* Build configuration list for PBXNativeTarget "OnlineHospital" */;
			buildPhases = (
				4D849ACF2D33EED200BD42CE /* Sources */,
				4D849AD02D33EED200BD42CE /* Frameworks */,
				4D849AD12D33EED200BD42CE /* Resources */,
			);
			buildRules = (
			);
			dependencies = (
			);
			fileSystemSynchronizedGroups = (
				4D849AD52D33EED200BD42CE /* OnlineHospital */,
			);
			name = OnlineHospital;
			packageProductDependencies = (
			);
			productName = OnlineHospital;
			productReference = 4D849AD32D33EED200BD42CE /* OnlineHospital.app */;
			productType = "com.apple.product-type.application";
		};
		4D849AE22D33EED400BD42CE /* OnlineHospitalTests */ = {
			isa = PBXNativeTarget;
			buildConfigurationList = 4D849AFA2D33EED400BD42CE /* Build configuration list for PBXNativeTarget "OnlineHospitalTests" */;
			buildPhases = (
				4D849ADF2D33EED400BD42CE /* Sources */,
				4D849AE02D33EED400BD42CE /* Frameworks */,
				4D849AE12D33EED400BD42CE /* Resources */,
			);
			buildRules = (
			);
			dependencies = (
				4D849AE52D33EED400BD42CE /* PBXTargetDependency */,
			);
			fileSystemSynchronizedGroups = (
				4D849AE62D33EED400BD42CE /* OnlineHospitalTests */,
			);
			name = OnlineHospitalTests;
			packageProductDependencies = (
			);
			productName = OnlineHospitalTests;
			productReference = 4D849AE32D33EED400BD42CE /* OnlineHospitalTests.xctest */;
			productType = "com.apple.product-type.bundle.unit-test";
		};
		4D849AEC2D33EED400BD42CE /* OnlineHospitalUITests */ = {
			isa = PBXNativeTarget;
			buildConfigurationList = 4D849AFD2D33EED400BD42CE /* Build configuration list for PBXNativeTarget "OnlineHospitalUITests" */;
			buildPhases = (
				4D849AE92D33EED400BD42CE /* Sources */,
				4D849AEA2D33EED400BD42CE /* Frameworks */,
				4D849AEB2D33EED400BD42CE /* Resources */,
			);
			buildRules = (
			);
			dependencies = (
				4D849AEF2D33EED400BD42CE /* PBXTargetDependency */,
			);
			fileSystemSynchronizedGroups = (
				4D849AF02D33EED400BD42CE /* OnlineHospitalUITests */,
			);
			name = OnlineHospitalUITests;
			packageProductDependencies = (
			);
			productName = OnlineHospitalUITests;
			productReference = 4D849AED2D33EED400BD42CE /* OnlineHospitalUITests.xctest */;
			productType = "com.apple.product-type.bundle.ui-testing";
		};
/* End PBXNativeTarget section */

/* Begin PBXProject section */
		4D849ACB2D33EED200BD42CE /* Project object */ = {
			isa = PBXProject;
			attributes = {
				BuildIndependentTargetsInParallel = 1;
				LastSwiftUpdateCheck = 1620;
				LastUpgradeCheck = 1620;
				TargetAttributes = {
					4D849AD22D33EED200BD42CE = {
						CreatedOnToolsVersion = 16.2;
					};
					4D849AE22D33EED400BD42CE = {
						CreatedOnToolsVersion = 16.2;
						TestTargetID = 4D849AD22D33EED200BD42CE;
					};
					4D849AEC2D33EED400BD42CE = {
						CreatedOnToolsVersion = 16.2;
						TestTargetID = 4D849AD22D33EED200BD42CE;
					};
				};
			};
			buildConfigurationList = 4D849ACE2D33EED200BD42CE /* Build configuration list for PBXProject "OnlineHospital" */;
			developmentRegion = en;
			hasScannedForEncodings = 0;
			knownRegions = (
				en,
				Base,
			);
			mainGroup = 4D849ACA2D33EED200BD42CE;
			minimizedProjectReferenceProxies = 1;
			preferredProjectObjectVersion = 77;
			productRefGroup = 4D849AD42D33EED200BD42CE /* Products */;
			projectDirPath = "";
			projectRoot = "";
			targets = (
				4D849AD22D33EED200BD42CE /* OnlineHospital */,
				4D849AE22D33EED400BD42CE /* OnlineHospitalTests */,
				4D849AEC2D33EED400BD42CE /* OnlineHospitalUITests */,
			);
		};
/* End PBXProject section */

/* Begin PBXResourcesBuildPhase section */
		4D849AD12D33EED200BD42CE /* Resources */ = {
			isa = PBXResourcesBuildPhase;
			buildActionMask = 2147483647;
			files = (
			);
			runOnlyForDeploymentPostprocessing = 0;
		};
		4D849AE12D33EED400BD42CE /* Resources */ = {
			isa = PBXResourcesBuildPhase;
			buildActionMask = 2147483647;
			files = (
			);
			runOnlyForDeploymentPostprocessing = 0;
		};
		4D849AEB2D33EED400BD42CE /* Resources */ = {
			isa = PBXResourcesBuildPhase;
			buildActionMask = 2147483647;
			files = (
			);
			runOnlyForDeploymentPostprocessing = 0;
		};
/* End PBXResourcesBuildPhase section */

/* Begin PBXSourcesBuildPhase section */
		4D849ACF2D33EED200BD42CE /* Sources */ = {
			isa = PBXSourcesBuildPhase;
			buildActionMask = 2147483647;
			files = (
			);
			runOnlyForDeploymentPostprocessing = 0;
		};
		4D849ADF2D33EED400BD42CE /* Sources */ = {
			isa = PBXSourcesBuildPhase;
			buildActionMask = 2147483647;
			files = (
			);
			runOnlyForDeploymentPostprocessing = 0;
		};
		4D849AE92D33EED400BD42CE /* Sources */ = {
			isa = PBXSourcesBuildPhase;
			buildActionMask = 2147483647;
			files = (
			);
			runOnlyForDeploymentPostprocessing = 0;
		};
/* End PBXSourcesBuildPhase section */

/* Begin PBXTargetDependency section */
		4D849AE52D33EED400BD42CE /* PBXTargetDependency */ = {
			isa = PBXTargetDependency;
			target = 4D849AD22D33EED200BD42CE /* OnlineHospital */;
			targetProxy = 4D849AE42D33EED400BD42CE /* PBXContainerItemProxy */;
		};
		4D849AEF2D33EED400BD42CE /* PBXTargetDependency */ = {
			isa = PBXTargetDependency;
			target = 4D849AD22D33EED200BD42CE /* OnlineHospital */;
			targetProxy = 4D849AEE2D33EED400BD42CE /* PBXContainerItemProxy */;
		};
/* End PBXTargetDependency section */

/* Begin XCBuildConfiguration section */
		4D849AF52D33EED400BD42CE /* Debug */ = {
			isa = XCBuildConfiguration;
			buildSettings = {
				ALWAYS_SEARCH_USER_PATHS = NO;
				ASSETCATALOG_COMPILER_GENERATE_SWIFT_ASSET_SYMBOL_EXTENSIONS = YES;
				CLANG_ANALYZER_NONNULL = YES;
				CLANG_ANALYZER_NUMBER_OBJECT_CONVERSION = YES_AGGRESSIVE;
				CLANG_CXX_LANGUAGE_STANDARD = "gnu++20";
				CLANG_ENABLE_MODULES = YES;
				CLANG_ENABLE_OBJC_ARC = YES;
				CLANG_ENABLE_OBJC_WEAK = YES;
				CLANG_WARN_BLOCK_CAPTURE_AUTORELEASING = YES;
				CLANG_WARN_BOOL_CONVERSION = YES;
				CLANG_WARN_COMMA = YES;
				CLANG_WARN_CONSTANT_CONVERSION = YES;
				CLANG_WARN_DEPRECATED_OBJC_IMPLEMENTATIONS = YES;
				CLANG_WARN_DIRECT_OBJC_ISA_USAGE = YES_ERROR;
				CLANG_WARN_DOCUMENTATION_COMMENTS = YES;
				CLANG_WARN_EMPTY_BODY = YES;
				CLANG_WARN_ENUM_CONVERSION = YES;
				CLANG_WARN_INFINITE_RECURSION = YES;
				CLANG_WARN_INT_CONVERSION = YES;
				CLANG_WARN_NON_LITERAL_NULL_CONVERSION = YES;
				CLANG_WARN_OBJC_IMPLICIT_RETAIN_SELF = YES;
				CLANG_WARN_OBJC_LITERAL_CONVERSION = YES;
				CLANG_WARN_OBJC_ROOT_CLASS = YES_ERROR;
				CLANG_WARN_QUOTED_INCLUDE_IN_FRAMEWORK_HEADER = YES;
				CLANG_WARN_RANGE_LOOP_ANALYSIS = YES;
				CLANG_WARN_STRICT_PROTOTYPES = YES;
				CLANG_WARN_SUSPICIOUS_MOVE = YES;
				CLANG_WARN_UNGUARDED_AVAILABILITY = YES_AGGRESSIVE;
				CLANG_WARN_UNREACHABLE_CODE = YES;
				CLANG_WARN__DUPLICATE_METHOD_MATCH = YES;
				COPY_PHASE_STRIP = NO;
				DEBUG_INFORMATION_FORMAT = dwarf;
				ENABLE_STRICT_OBJC_MSGSEND = YES;
				ENABLE_TESTABILITY = YES;
				ENABLE_USER_SCRIPT_SANDBOXING = YES;
				GCC_C_LANGUAGE_STANDARD = gnu17;
				GCC_DYNAMIC_NO_PIC = NO;
				GCC_NO_COMMON_BLOCKS = YES;
				GCC_OPTIMIZATION_LEVEL = 0;
				GCC_PREPROCESSOR_DEFINITIONS = (
					"DEBUG=1",
					"$(inherited)",
				);
				GCC_WARN_64_TO_32_BIT_CONVERSION = YES;
				GCC_WARN_ABOUT_RETURN_TYPE = YES_ERROR;
				GCC_WARN_UNDECLARED_SELECTOR = YES;
				GCC_WARN_UNINITIALIZED_AUTOS = YES_AGGRESSIVE;
				GCC_WARN_UNUSED_FUNCTION = YES;
				GCC_WARN_UNUSED_VARIABLE = YES;
				IPHONEOS_DEPLOYMENT_TARGET = 18.2;
				LOCALIZATION_PREFERS_STRING_CATALOGS = YES;
				MTL_ENABLE_DEBUG_INFO = INCLUDE_SOURCE;
				MTL_FAST_MATH = YES;
				ONLY_ACTIVE_ARCH = YES;
				SDKROOT = iphoneos;
				SWIFT_ACTIVE_COMPILATION_CONDITIONS = "DEBUG $(inherited)";
				SWIFT_OPTIMIZATION_LEVEL = "-Onone";
			};
			name = Debug;
		};
		4D849AF62D33EED400BD42CE /* Release */ = {
			isa = XCBuildConfiguration;
			buildSettings = {
				ALWAYS_SEARCH_USER_PATHS = NO;
				ASSETCATALOG_COMPILER_GENERATE_SWIFT_ASSET_SYMBOL_EXTENSIONS = YES;
				CLANG_ANALYZER_NONNULL = YES;
				CLANG_ANALYZER_NUMBER_OBJECT_CONVERSION = YES_AGGRESSIVE;
				CLANG_CXX_LANGUAGE_STANDARD = "gnu++20";
				CLANG_ENABLE_MODULES = YES;
				CLANG_ENABLE_OBJC_ARC = YES;
				CLANG_ENABLE_OBJC_WEAK = YES;
				CLANG_WARN_BLOCK_CAPTURE_AUTORELEASING = YES;
				CLANG_WARN_BOOL_CONVERSION = YES;
				CLANG_WARN_COMMA = YES;
				CLANG_WARN_CONSTANT_CONVERSION = YES;
				CLANG_WARN_DEPRECATED_OBJC_IMPLEMENTATIONS = YES;
				CLANG_WARN_DIRECT_OBJC_ISA_USAGE = YES_ERROR;
				CLANG_WARN_DOCUMENTATION_COMMENTS = YES;
				CLANG_WARN_EMPTY_BODY = YES;
				CLANG_WARN_ENUM_CONVERSION = YES;
				CLANG_WARN_INFINITE_RECURSION = YES;
				CLANG_WARN_INT_CONVERSION = YES;
				CLANG_WARN_NON_LITERAL_NULL_CONVERSION = YES;
				CLANG_WARN_OBJC_IMPLICIT_RETAIN_SELF = YES;
				CLANG_WARN_OBJC_LITERAL_CONVERSION = YES;
				CLANG_WARN_OBJC_ROOT_CLASS = YES_ERROR;
				CLANG_WARN_QUOTED_INCLUDE_IN_FRAMEWORK_HEADER = YES;
				CLANG_WARN_RANGE_LOOP_ANALYSIS = YES;
				CLANG_WARN_STRICT_PROTOTYPES = YES;
				CLANG_WARN_SUSPICIOUS_MOVE = YES;
				CLANG_WARN_UNGUARDED_AVAILABILITY = YES_AGGRESSIVE;
				CLANG_WARN_UNREACHABLE_CODE = YES;
				CLANG_WARN__DUPLICATE_METHOD_MATCH = YES;
				COPY_PHASE_STRIP = NO;
				DEBUG_INFORMATION_FORMAT = "dwarf-with-dsym";
				ENABLE_NS_ASSERTIONS = NO;
				ENABLE_STRICT_OBJC_MSGSEND = YES;
				ENABLE_USER_SCRIPT_SANDBOXING = YES;
				GCC_C_LANGUAGE_STANDARD = gnu17;
				GCC_NO_COMMON_BLOCKS = YES;
				GCC_WARN_64_TO_32_BIT_CONVERSION = YES;
				GCC_WARN_ABOUT_RETURN_TYPE = YES_ERROR;
				GCC_WARN_UNDECLARED_SELECTOR = YES;
				GCC_WARN_UNINITIALIZED_AUTOS = YES_AGGRESSIVE;
				GCC_WARN_UNUSED_FUNCTION = YES;
				GCC_WARN_UNUSED_VARIABLE = YES;
				IPHONEOS_DEPLOYMENT_TARGET = 18.2;
				LOCALIZATION_PREFERS_STRING_CATALOGS = YES;
				MTL_ENABLE_DEBUG_INFO = NO;
				MTL_FAST_MATH = YES;
				SDKROOT = iphoneos;
				SWIFT_COMPILATION_MODE = wholemodule;
				VALIDATE_PRODUCT = YES;
			};
			name = Release;
		};
		4D849AF82D33EED400BD42CE /* Debug */ = {
			isa = XCBuildConfiguration;
			buildSettings = {
				ASSETCATALOG_COMPILER_APPICON_NAME = AppIcon;
				ASSETCATALOG_COMPILER_GLOBAL_ACCENT_COLOR_NAME = AccentColor;
				CODE_SIGN_STYLE = Automatic;
				CURRENT_PROJECT_VERSION = 1;
				DEVELOPMENT_ASSET_PATHS = "\"OnlineHospital/Preview Content\"";
				ENABLE_PREVIEWS = YES;
				GENERATE_INFOPLIST_FILE = YES;
				INFOPLIST_KEY_UIApplicationSceneManifest_Generation = YES;
				INFOPLIST_KEY_UIApplicationSupportsIndirectInputEvents = YES;
				INFOPLIST_KEY_UILaunchScreen_Generation = YES;
				INFOPLIST_KEY_UISupportedInterfaceOrientations_iPad = "UIInterfaceOrientationPortrait UIInterfaceOrientationPortraitUpsideDown UIInterfaceOrientationLandscapeLeft UIInterfaceOrientationLandscapeRight";
				INFOPLIST_KEY_UISupportedInterfaceOrientations_iPhone = "UIInterfaceOrientationPortrait UIInterfaceOrientationLandscapeLeft UIInterfaceOrientationLandscapeRight";
				LD_RUNPATH_SEARCH_PATHS = (
					"$(inherited)",
					"@executable_path/Frameworks",
				);
				MARKETING_VERSION = 1.0;
				PRODUCT_BUNDLE_IDENTIFIER = "Stanford-University.OnlineHospital";
				PRODUCT_NAME = "$(TARGET_NAME)";
				SWIFT_EMIT_LOC_STRINGS = YES;
				SWIFT_VERSION = 5.0;
				TARGETED_DEVICE_FAMILY = "1,2";
			};
			name = Debug;
		};
		4D849AF92D33EED400BD42CE /* Release */ = {
			isa = XCBuildConfiguration;
			buildSettings = {
				ASSETCATALOG_COMPILER_APPICON_NAME = AppIcon;
				ASSETCATALOG_COMPILER_GLOBAL_ACCENT_COLOR_NAME = AccentColor;
				CODE_SIGN_STYLE = Automatic;
				CURRENT_PROJECT_VERSION = 1;
				DEVELOPMENT_ASSET_PATHS = "\"OnlineHospital/Preview Content\"";
				ENABLE_PREVIEWS = YES;
				GENERATE_INFOPLIST_FILE = YES;
				INFOPLIST_KEY_UIApplicationSceneManifest_Generation = YES;
				INFOPLIST_KEY_UIApplicationSupportsIndirectInputEvents = YES;
				INFOPLIST_KEY_UILaunchScreen_Generation = YES;
				INFOPLIST_KEY_UISupportedInterfaceOrientations_iPad = "UIInterfaceOrientationPortrait UIInterfaceOrientationPortraitUpsideDown UIInterfaceOrientationLandscapeLeft UIInterfaceOrientationLandscapeRight";
				INFOPLIST_KEY_UISupportedInterfaceOrientations_iPhone = "UIInterfaceOrientationPortrait UIInterfaceOrientationLandscapeLeft UIInterfaceOrientationLandscapeRight";
				LD_RUNPATH_SEARCH_PATHS = (
					"$(inherited)",
					"@executable_path/Frameworks",
				);
				MARKETING_VERSION = 1.0;
				PRODUCT_BUNDLE_IDENTIFIER = "Stanford-University.OnlineHospital";
				PRODUCT_NAME = "$(TARGET_NAME)";
				SWIFT_EMIT_LOC_STRINGS = YES;
				SWIFT_VERSION = 5.0;
				TARGETED_DEVICE_FAMILY = "1,2";
			};
			name = Release;
		};
		4D849AFB2D33EED400BD42CE /* Debug */ = {
			isa = XCBuildConfiguration;
			buildSettings = {
				BUNDLE_LOADER = "$(TEST_HOST)";
				CODE_SIGN_STYLE = Automatic;
				CURRENT_PROJECT_VERSION = 1;
				GENERATE_INFOPLIST_FILE = YES;
				IPHONEOS_DEPLOYMENT_TARGET = 18.2;
				MARKETING_VERSION = 1.0;
				PRODUCT_BUNDLE_IDENTIFIER = "Stanford-University.OnlineHospitalTests";
				PRODUCT_NAME = "$(TARGET_NAME)";
				SWIFT_EMIT_LOC_STRINGS = NO;
				SWIFT_VERSION = 5.0;
				TARGETED_DEVICE_FAMILY = "1,2";
				TEST_HOST = "$(BUILT_PRODUCTS_DIR)/OnlineHospital.app/$(BUNDLE_EXECUTABLE_FOLDER_PATH)/OnlineHospital";
			};
			name = Debug;
		};
		4D849AFC2D33EED400BD42CE /* Release */ = {
			isa = XCBuildConfiguration;
			buildSettings = {
				BUNDLE_LOADER = "$(TEST_HOST)";
				CODE_SIGN_STYLE = Automatic;
				CURRENT_PROJECT_VERSION = 1;
				GENERATE_INFOPLIST_FILE = YES;
				IPHONEOS_DEPLOYMENT_TARGET = 18.2;
				MARKETING_VERSION = 1.0;
				PRODUCT_BUNDLE_IDENTIFIER = "Stanford-University.OnlineHospitalTests";
				PRODUCT_NAME = "$(TARGET_NAME)";
				SWIFT_EMIT_LOC_STRINGS = NO;
				SWIFT_VERSION = 5.0;
				TARGETED_DEVICE_FAMILY = "1,2";
				TEST_HOST = "$(BUILT_PRODUCTS_DIR)/OnlineHospital.app/$(BUNDLE_EXECUTABLE_FOLDER_PATH)/OnlineHospital";
			};
			name = Release;
		};
		4D849AFE2D33EED400BD42CE /* Debug */ = {
			isa = XCBuildConfiguration;
			buildSettings = {
				CODE_SIGN_STYLE = Automatic;
				CURRENT_PROJECT_VERSION = 1;
				GENERATE_INFOPLIST_FILE = YES;
				MARKETING_VERSION = 1.0;
				PRODUCT_BUNDLE_IDENTIFIER = "Stanford-University.OnlineHospitalUITests";
				PRODUCT_NAME = "$(TARGET_NAME)";
				SWIFT_EMIT_LOC_STRINGS = NO;
				SWIFT_VERSION = 5.0;
				TARGETED_DEVICE_FAMILY = "1,2";
				TEST_TARGET_NAME = OnlineHospital;
			};
			name = Debug;
		};
		4D849AFF2D33EED400BD42CE /* Release */ = {
			isa = XCBuildConfiguration;
			buildSettings = {
				CODE_SIGN_STYLE = Automatic;
				CURRENT_PROJECT_VERSION = 1;
				GENERATE_INFOPLIST_FILE = YES;
				MARKETING_VERSION = 1.0;
				PRODUCT_BUNDLE_IDENTIFIER = "Stanford-University.OnlineHospitalUITests";
				PRODUCT_NAME = "$(TARGET_NAME)";
				SWIFT_EMIT_LOC_STRINGS = NO;
				SWIFT_VERSION = 5.0;
				TARGETED_DEVICE_FAMILY = "1,2";
				TEST_TARGET_NAME = OnlineHospital;
			};
			name = Release;
		};
/* End XCBuildConfiguration section */

/* Begin XCConfigurationList section */
		4D849ACE2D33EED200BD42CE /* Build configuration list for PBXProject "OnlineHospital" */ = {
			isa = XCConfigurationList;
			buildConfigurations = (
				4D849AF52D33EED400BD42CE /* Debug */,
				4D849AF62D33EED400BD42CE /* Release */,
			);
			defaultConfigurationIsVisible = 0;
			defaultConfigurationName = Release;
		};
		4D849AF72D33EED400BD42CE /* Build configuration list for PBXNativeTarget "OnlineHospital" */ = {
			isa = XCConfigurationList;
			buildConfigurations = (
				4D849AF82D33EED400BD42CE /* Debug */,
				4D849AF92D33EED400BD42CE /* Release */,
			);
			defaultConfigurationIsVisible = 0;
			defaultConfigurationName = Release;
		};
		4D849AFA2D33EED400BD42CE /* Build configuration list for PBXNativeTarget "OnlineHospitalTests" */ = {
			isa = XCConfigurationList;
			buildConfigurations = (
				4D849AFB2D33EED400BD42CE /* Debug */,
				4D849AFC2D33EED400BD42CE /* Release */,
			);
			defaultConfigurationIsVisible = 0;
			defaultConfigurationName = Release;
		};
		4D849AFD2D33EED400BD42CE /* Build configuration list for PBXNativeTarget "OnlineHospitalUITests" */ = {
			isa = XCConfigurationList;
			buildConfigurations = (
				4D849AFE2D33EED400BD42CE /* Debug */,
				4D849AFF2D33EED400BD42CE /* Release */,
			);
			defaultConfigurationIsVisible = 0;
			defaultConfigurationName = Release;
		};
/* End XCConfigurationList section */
	};
	rootObject = 4D849ACB2D33EED200BD42CE /* Project object */;
}
